
Microsoft Visual Studio Solution File, Format Version 12.00
# Visual Studio Version 17
VisualStudioVersion = 17.5.33424.131
MinimumVisualStudioVersion = 10.0.40219.1
Project("{FAE04EC0-301F-11D3-BF4B-00C04F79EFBC}") = "ProjectEuler", "ProjectEuler\ProjectEuler.csproj", "{12999381-4F44-4BA2-8A89-A9AF522D86DD}"
EndProject
Global
	GlobalSection(SolutionConfigurationPlatforms) = preSolution
		Debug|Any CPU = Debug|Any CPU
		Release|Any CPU = Release|Any CPU
	EndGlobalSection
	GlobalSection(ProjectConfigurationPlatforms) = postSolution
		{12999381-4F44-4BA2-8A89-A9AF522D86DD}.Debug|Any CPU.ActiveCfg = Debug|Any CPU
		{12999381-4F44-4BA2-8A89-A9AF522D86DD}.Debug|Any CPU.Build.0 = Debug|Any CPU
		{12999381-4F44-4BA2-8A89-A9AF522D86DD}.Release|Any CPU.ActiveCfg = Release|Any CPU
		{12999381-4F44-4BA2-8A89-A9AF522D86DD}.Release|Any CPU.Build.0 = Release|Any CPU
	EndGlobalSection
	GlobalSection(SolutionProperties) = preSolution
		HideSolutionNode = FALSE
	EndGlobalSection
	GlobalSection(ExtensibilityGlobals) = postSolution
		SolutionGuid = {F035FAF6-D997-49D6-80AC-F7B7FE365008}
	EndGlobalSection
EndGlobal
